# THIS IS AN AUTOGENERATED FILE. DO NOT EDIT THIS FILE DIRECTLY.
# yarn lockfile v1


jscream@1.0.0:
  version "1.0.0"
  resolved "https://registry.yarnpkg.com/jscream/-/jscream-1.0.0.tgz#6f29e7403d61ac5f64aa0a06806f444e2c2a85df"
  integrity sha512-r7N3pI4VxzwTaJgHipMsg3Q0ABtYldFOeXwSNxMU44eC8fi5u+Nn6Gm1DHwkl2fNUKhGmVMN7hB8wXrcogRE6A==
