# THIS IS AN AUTOGENERATED FILE. DO NOT EDIT THIS FILE DIRECTLY.
# yarn lockfile v1


"@fuze/jscream@^1.1.0":
  version "1.1.0"
  resolved "http://nexus-repo.svc.tpn.thinkingphones.net/repository/npm-private/@fuze/jscream/-/jscream-1.1.0.tgz#0424ed98e721ef4e0f5480df21ca87bfa85a1003"
  integrity sha512-QrHX3aai7VNekJsedfnm1qCeLZ6u6wfYMzDcrhWNEK2ZwCr8DbQXvO/dxaFtLsIH/zUnknvtGxYA84q6CpHE7w==
